
Microsoft Visual Studio Solution File, Format Version 12.00
# Visual Studio Version 17
VisualStudioVersion = 17.1.31911.260
MinimumVisualStudioVersion = 10.0.40219.1
Project("{9A19103F-16F7-4668-BE54-9A1E7A4F7556}") = "PriceComparer", "CarParts\PriceComparer.csproj", "{0C88372C-503E-478E-9667-B94153410232}"
	ProjectSection(ProjectDependencies) = postProject
		{C20346A7-9083-4573-A969-6A8EAF958CA1} = {C20346A7-9083-4573-A969-6A8EAF958CA1}
	EndProjectSection
EndProject
Project("{9A19103F-16F7-4668-BE54-9A1E7A4F7556}") = "Contracts", "Contracts\Contracts.csproj", "{711A52BF-BCFD-4800-AD29-566A2C51DC00}"
EndProject
Project("{9A19103F-16F7-4668-BE54-9A1E7A4F7556}") = "LoggerService", "LoggerService\LoggerService.csproj", "{C20346A7-9083-4573-A969-6A8EAF958CA1}"
	ProjectSection(ProjectDependencies) = postProject
		{711A52BF-BCFD-4800-AD29-566A2C51DC00} = {711A52BF-BCFD-4800-AD29-566A2C51DC00}
	EndProjectSection
EndProject
Project("{9A19103F-16F7-4668-BE54-9A1E7A4F7556}") = "Entities", "Entities\Entities.csproj", "{F86F0146-F4D4-4498-A13F-AE95508EBCC9}"
EndProject
Project("{9A19103F-16F7-4668-BE54-9A1E7A4F7556}") = "Repository", "Repository\Repository.csproj", "{3B6B4598-3D9F-4BA0-9F69-B30CBC6D7E13}"
EndProject
Project("{9A19103F-16F7-4668-BE54-9A1E7A4F7556}") = "ParserApplication", "ClassLibrary1\ParserApplication.csproj", "{F6F6BC04-6C09-46D7-B460-B8443D51B4AE}"
EndProject
Project("{9A19103F-16F7-4668-BE54-9A1E7A4F7556}") = "PriceComparerAPI.Tests", "PriceComparerAPI.Tests\PriceComparerAPI.Tests.csproj", "{019F6CF1-FAC5-4711-B992-B92F4032EA6E}"
EndProject
Project("{E53339B2-1760-4266-BCC7-CA923CBCF16C}") = "docker-compose", "docker-compose.dcproj", "{B254147C-51B8-4939-B3BB-C5ED7BB62220}"
EndProject
Global
	GlobalSection(SolutionConfigurationPlatforms) = preSolution
		Debug|Any CPU = Debug|Any CPU
		Release|Any CPU = Release|Any CPU
	EndGlobalSection
	GlobalSection(ProjectConfigurationPlatforms) = postSolution
		{0C88372C-503E-478E-9667-B94153410232}.Debug|Any CPU.ActiveCfg = Debug|Any CPU
		{0C88372C-503E-478E-9667-B94153410232}.Debug|Any CPU.Build.0 = Debug|Any CPU
		{0C88372C-503E-478E-9667-B94153410232}.Release|Any CPU.ActiveCfg = Release|Any CPU
		{0C88372C-503E-478E-9667-B94153410232}.Release|Any CPU.Build.0 = Release|Any CPU
		{711A52BF-BCFD-4800-AD29-566A2C51DC00}.Debug|Any CPU.ActiveCfg = Debug|Any CPU
		{711A52BF-BCFD-4800-AD29-566A2C51DC00}.Debug|Any CPU.Build.0 = Debug|Any CPU
		{711A52BF-BCFD-4800-AD29-566A2C51DC00}.Release|Any CPU.ActiveCfg = Release|Any CPU
		{711A52BF-BCFD-4800-AD29-566A2C51DC00}.Release|Any CPU.Build.0 = Release|Any CPU
		{C20346A7-9083-4573-A969-6A8EAF958CA1}.Debug|Any CPU.ActiveCfg = Debug|Any CPU
		{C20346A7-9083-4573-A969-6A8EAF958CA1}.Debug|Any CPU.Build.0 = Debug|Any CPU
		{C20346A7-9083-4573-A969-6A8EAF958CA1}.Release|Any CPU.ActiveCfg = Release|Any CPU
		{C20346A7-9083-4573-A969-6A8EAF958CA1}.Release|Any CPU.Build.0 = Release|Any CPU
		{F86F0146-F4D4-4498-A13F-AE95508EBCC9}.Debug|Any CPU.ActiveCfg = Debug|Any CPU
		{F86F0146-F4D4-4498-A13F-AE95508EBCC9}.Debug|Any CPU.Build.0 = Debug|Any CPU
		{F86F0146-F4D4-4498-A13F-AE95508EBCC9}.Release|Any CPU.ActiveCfg = Release|Any CPU
		{F86F0146-F4D4-4498-A13F-AE95508EBCC9}.Release|Any CPU.Build.0 = Release|Any CPU
		{3B6B4598-3D9F-4BA0-9F69-B30CBC6D7E13}.Debug|Any CPU.ActiveCfg = Debug|Any CPU
		{3B6B4598-3D9F-4BA0-9F69-B30CBC6D7E13}.Debug|Any CPU.Build.0 = Debug|Any CPU
		{3B6B4598-3D9F-4BA0-9F69-B30CBC6D7E13}.Release|Any CPU.ActiveCfg = Release|Any CPU
		{3B6B4598-3D9F-4BA0-9F69-B30CBC6D7E13}.Release|Any CPU.Build.0 = Release|Any CPU
		{F6F6BC04-6C09-46D7-B460-B8443D51B4AE}.Debug|Any CPU.ActiveCfg = Debug|Any CPU
		{F6F6BC04-6C09-46D7-B460-B8443D51B4AE}.Debug|Any CPU.Build.0 = Debug|Any CPU
		{F6F6BC04-6C09-46D7-B460-B8443D51B4AE}.Release|Any CPU.ActiveCfg = Release|Any CPU
		{F6F6BC04-6C09-46D7-B460-B8443D51B4AE}.Release|Any CPU.Build.0 = Release|Any CPU
		{019F6CF1-FAC5-4711-B992-B92F4032EA6E}.Debug|Any CPU.ActiveCfg = Debug|Any CPU
		{019F6CF1-FAC5-4711-B992-B92F4032EA6E}.Debug|Any CPU.Build.0 = Debug|Any CPU
		{019F6CF1-FAC5-4711-B992-B92F4032EA6E}.Release|Any CPU.ActiveCfg = Release|Any CPU
		{019F6CF1-FAC5-4711-B992-B92F4032EA6E}.Release|Any CPU.Build.0 = Release|Any CPU
		{B254147C-51B8-4939-B3BB-C5ED7BB62220}.Debug|Any CPU.ActiveCfg = Debug|Any CPU
		{B254147C-51B8-4939-B3BB-C5ED7BB62220}.Debug|Any CPU.Build.0 = Debug|Any CPU
		{B254147C-51B8-4939-B3BB-C5ED7BB62220}.Release|Any CPU.ActiveCfg = Release|Any CPU
		{B254147C-51B8-4939-B3BB-C5ED7BB62220}.Release|Any CPU.Build.0 = Release|Any CPU
	EndGlobalSection
	GlobalSection(SolutionProperties) = preSolution
		HideSolutionNode = FALSE
	EndGlobalSection
	GlobalSection(ExtensibilityGlobals) = postSolution
		SolutionGuid = {FE810E40-0F5C-444F-9868-BD1688662D83}
	EndGlobalSection
EndGlobal
